{
    "requires": true,
    "lockfileVersion": 1,
    "dependencies": {
        "bpg-arial": {
            "version": "1.0.0",
            "resolved": "https://registry.npmjs.org/bpg-arial/-/bpg-arial-1.0.0.tgz",
            "integrity": "sha512-AyJNnKh54wK57Jm0treeLhJ4zeamUxF/8o+u4JquzvbSY/3/FGwr8z+LJBMUGz0hdnK4FuK3GLPiETKKB/XnAg=="
        },
        "bpg-glaho-traditional": {
            "version": "1.0.0",
            "resolved": "https://registry.npmjs.org/bpg-glaho-traditional/-/bpg-glaho-traditional-1.0.0.tgz",
            "integrity": "sha512-605FzLB3ifD2/WDo4gqbAauSm/RlkGbSsKkyuz88okNcj3y3meVTtdxfzTS9yP+jS6zto/AL+5B9aso8e3rNdw=="
        },
        "bpg-glaho-web": {
            "version": "1.0.0",
            "resolved": "https://registry.npmjs.org/bpg-glaho-web/-/bpg-glaho-web-1.0.0.tgz",
            "integrity": "sha512-WTuXMVezjirx5VG2rTH4Vvv4Fu2QDvVogaZHE7h60YSR4SIj7TxlwR7MjYYdJVfxus7/D0t9W11gp8V1MSR+RA=="
        },
        "bpg-glaho-web-caps": {
            "version": "1.0.0",
            "resolved": "https://registry.npmjs.org/bpg-glaho-web-caps/-/bpg-glaho-web-caps-1.0.0.tgz",
            "integrity": "sha512-c1YO4wHljDT4ecQYKrt+BVeAdcvBOqLnajKLQXv+sR8Zk5TkKzEWRt6VntdQsQtdpPY8xjas1uZNuSQKFrlBcg=="
        },
        "bpg-rioni": {
            "version": "1.0.0",
            "resolved": "https://registry.npmjs.org/bpg-rioni/-/bpg-rioni-1.0.0.tgz",
            "integrity": "sha512-0V/F5htpQsTq9SOq9ySmhzvV4ag7wJZ66HQfhrc/rX1eLUlmsmOzIzIDAFD1fyGR18OuYosBz/jJFiHoWWasCA=="
        }
    }
}
